# THIS IS AN AUTOGENERATED FILE. DO NOT EDIT THIS FILE DIRECTLY.
# yarn lockfile v1


"@pythnetwork/entropy-sdk-solidity@^2.0.0":
  version "2.0.0"
  resolved "https://registry.yarnpkg.com/@pythnetwork/entropy-sdk-solidity/-/entropy-sdk-solidity-2.0.0.tgz#2f819b6626d3cc91ac2b22711a7d9d99f1edf36a"
  integrity sha512-VgxSax4e58skgffYrHkd6V0dSR8jxzpoY2ugLJJTxavyBYfPncrirwg+WzuknUa0bFmeCE3G335nWSZbJDOjVQ==
